
Microsoft Visual Studio Solution File, Format Version 12.00
# Visual Studio Version 17
VisualStudioVersion = 17.8.34511.84
MinimumVisualStudioVersion = 10.0.40219.1
Project("{9A19103F-16F7-4668-BE54-9A1E7A4F7556}") = "Intro", "Intro\Intro.csproj", "{ED9D3502-EAA6-4578-B350-AFBC20DF5B38}"
EndProject
Project("{FAE04EC0-301F-11D3-BF4B-00C04F79EFBC}") = "ExtractingTextFromImagesUsingTessaractAndLeptonica", "ExtractingTextFromImagesUsingTessaractAndLeptonica\ExtractingTextFromImagesUsingTessaractAndLeptonica.csproj", "{F7E77349-8384-4249-BD1C-F547236FFC96}"
EndProject
Global
	GlobalSection(SolutionConfigurationPlatforms) = preSolution
		Debug|Any CPU = Debug|Any CPU
		Release|Any CPU = Release|Any CPU
	EndGlobalSection
	GlobalSection(ProjectConfigurationPlatforms) = postSolution
		{ED9D3502-EAA6-4578-B350-AFBC20DF5B38}.Debug|Any CPU.ActiveCfg = Debug|Any CPU
		{ED9D3502-EAA6-4578-B350-AFBC20DF5B38}.Debug|Any CPU.Build.0 = Debug|Any CPU
		{ED9D3502-EAA6-4578-B350-AFBC20DF5B38}.Release|Any CPU.ActiveCfg = Release|Any CPU
		{ED9D3502-EAA6-4578-B350-AFBC20DF5B38}.Release|Any CPU.Build.0 = Release|Any CPU
		{F7E77349-8384-4249-BD1C-F547236FFC96}.Debug|Any CPU.ActiveCfg = Debug|Any CPU
		{F7E77349-8384-4249-BD1C-F547236FFC96}.Debug|Any CPU.Build.0 = Debug|Any CPU
		{F7E77349-8384-4249-BD1C-F547236FFC96}.Release|Any CPU.ActiveCfg = Release|Any CPU
		{F7E77349-8384-4249-BD1C-F547236FFC96}.Release|Any CPU.Build.0 = Release|Any CPU
	EndGlobalSection
	GlobalSection(SolutionProperties) = preSolution
		HideSolutionNode = FALSE
	EndGlobalSection
	GlobalSection(ExtensibilityGlobals) = postSolution
		SolutionGuid = {9F8F7152-01E6-4000-A7C0-D24C331166BC}
	EndGlobalSection
EndGlobal
